
Microsoft Visual Studio Solution File, Format Version 12.00
# Visual Studio Version 17
VisualStudioVersion = 17.2.32630.192
MinimumVisualStudioVersion = 10.0.40219.1
Project("{FAE04EC0-301F-11D3-BF4B-00C04F79EFBC}") = "InteractiveFiction", "InteractiveFiction\InteractiveFiction.csproj", "{C614640B-7A9E-410C-A047-128BB0DD2D75}"
EndProject
Global
	GlobalSection(SolutionConfigurationPlatforms) = preSolution
		Debug|Any CPU = Debug|Any CPU
		Release|Any CPU = Release|Any CPU
	EndGlobalSection
	GlobalSection(ProjectConfigurationPlatforms) = postSolution
		{C614640B-7A9E-410C-A047-128BB0DD2D75}.Debug|Any CPU.ActiveCfg = Debug|Any CPU
		{C614640B-7A9E-410C-A047-128BB0DD2D75}.Debug|Any CPU.Build.0 = Debug|Any CPU
		{C614640B-7A9E-410C-A047-128BB0DD2D75}.Release|Any CPU.ActiveCfg = Release|Any CPU
		{C614640B-7A9E-410C-A047-128BB0DD2D75}.Release|Any CPU.Build.0 = Release|Any CPU
	EndGlobalSection
	GlobalSection(SolutionProperties) = preSolution
		HideSolutionNode = FALSE
	EndGlobalSection
	GlobalSection(ExtensibilityGlobals) = postSolution
		SolutionGuid = {FEF80ED2-AE0E-4934-8E23-F868AF8A1D75}
	EndGlobalSection
EndGlobal
